
Microsoft Visual Studio Solution File, Format Version 12.00
# Visual Studio 15
VisualStudioVersion = 15.0.26730.16
MinimumVisualStudioVersion = 10.0.40219.1
Project("{FAE04EC0-301F-11D3-BF4B-00C04F79EFBC}") = "SwitchRichPresence", "SwitchRichPresence\SwitchRichPresence.csproj", "{88FC8B2F-B105-4700-8767-0F04B08FED5E}"
EndProject
Global
	GlobalSection(SolutionConfigurationPlatforms) = preSolution
		Debug|Any CPU = Debug|Any CPU
		Release|Any CPU = Release|Any CPU
	EndGlobalSection
	GlobalSection(ProjectConfigurationPlatforms) = postSolution
		{88FC8B2F-B105-4700-8767-0F04B08FED5E}.Debug|Any CPU.ActiveCfg = Debug|Any CPU
		{88FC8B2F-B105-4700-8767-0F04B08FED5E}.Debug|Any CPU.Build.0 = Debug|Any CPU
		{88FC8B2F-B105-4700-8767-0F04B08FED5E}.Release|Any CPU.ActiveCfg = Release|Any CPU
		{88FC8B2F-B105-4700-8767-0F04B08FED5E}.Release|Any CPU.Build.0 = Release|Any CPU
	EndGlobalSection
	GlobalSection(SolutionProperties) = preSolution
		HideSolutionNode = FALSE
	EndGlobalSection
	GlobalSection(ExtensibilityGlobals) = postSolution
		SolutionGuid = {FC9B50E8-701B-41C1-BE6E-86736B6463D0}
	EndGlobalSection
EndGlobal
